# TOOLS.lock — prebuilt build-tool binaries, verified by digest when a consumer job runs them.
#
# These cargo-* utilities run DURING builds/CI but never ship inside hp-thermal.exe.
# They are pinned by immutable git rev (content-addressed) + --locked (their whole dependency
# tree is frozen). CAVEAT (#176): `cargo install` is NOT byte-reproducible — the SAME rev builds
# to DIFFERENT bytes across build-tools.yml runs. So the sha256 (bound to a SPECIFIC producer run),
# not the rev, is the true anchor. And because build-tools.yml rebuilds + --clobber-republishes ALL
# tools each run, bumping ANY rev re-digests EVERY tool — re-bless all six from that same run.
#
# Fields:  name  repo  rev  target  sha256
#   name    — crate AND binary name (`cargo install <name>`).
#   rev     — human-edited. THE pin for which source commit to build.
#   target  — which producer job builds it and which asset name it publishes under (#221):
#               windows-x86_64 -> asset `<name>.exe`
#               linux-x86_64   -> asset `<name>-linux-x86_64`   (cackle/cargo-acl is Linux-only)
#   sha256  — OUTPUT of .github/workflows/build-tools.yml, reviewed when committed. This digest
#             is the execution authorization; an all-zero digest means "not blessed yet" and
#             fails closed in every consumer.
#
# Consumers fetch + verify via .github/actions/fetch-tools (release.yml, supply-chain.yml).
cargo-deny         EmbarkStudios/cargo-deny           bca0dde53651ee946720e4540b5ce2610bec8f06  windows-x86_64  a86485a454504ef38ae573e6a4ac46b731051418686a87c2fea1c4a33dc5649c
cargo-auditable    rust-secure-code/cargo-auditable   9dc5ff28ff204b73eae91bd96cde4413fdcb70e0  windows-x86_64  8565440a3b19a7978bed3992e712f1aed148e7f641456d382d7dc3f472975c19
cargo-audit        rustsec/rustsec                    281452c35cf0870969042374110f099a411bc185  windows-x86_64  76a102c37ec06002f3a6fcd6a050867e413701ca5de01a442b0a0324e5be375e
cargo-cyclonedx    CycloneDX/cyclonedx-rust-cargo     e58bd5590212f82c5b7e16dd3e2e819b0dbea5b1  windows-x86_64  496f4b9f2abccbd554271a588f2d5ce5d2a4ed4c7c04e0bd13778570fca799a5
cargo-vet          mozilla/cargo-vet                  c23b21659b9902d97bef2f54c8e14529031092c5  windows-x86_64  042c8d32b7df5667fd39d8ec59b2cc32087290fc79daf33fddfba9e0a3424c4b
cargo-acl          cackle-rs/cackle                   e7109a3174378976ea881f1883439ba82524f061  linux-x86_64    085684885c3283172eb07e7b3c6716246ac936db536596eb6eadab57d8c0f428
