# TOOLS.lock — prebuilt build-tool binaries, verified by digest when a consumer job runs them.
#
# These cargo-* utilities run DURING builds/CI but never ship inside hp-thermal.exe.
# They are pinned by immutable git rev (content-addressed) + --locked (their whole dependency
# tree is frozen). CAVEAT (#176): `cargo install` is NOT byte-reproducible — the SAME rev builds
# to DIFFERENT bytes across build-tools.yml runs. So the sha256 (bound to a SPECIFIC producer run),
# not the rev, is the true anchor. And because build-tools.yml rebuilds + --clobber-republishes ALL
# tools each run, bumping ANY rev re-digests EVERY tool — re-bless all six from that same run.
#
# Fields:  name  repo  rev  target  sha256
#   name    — crate AND binary name (`cargo install <name>`).
#   rev     — human-edited. THE pin for which source commit to build.
#   target  — which producer job builds it and which asset name it publishes under (#221):
#               windows-x86_64 -> asset `<name>.exe`
#               linux-x86_64   -> asset `<name>-linux-x86_64`   (cackle/cargo-acl is Linux-only)
#   sha256  — OUTPUT of .github/workflows/build-tools.yml, reviewed when committed. This digest
#             is the execution authorization; an all-zero digest means "not blessed yet" and
#             fails closed in every consumer.
#   # vX.Y.Z — trailing comment, HUMAN-READABILITY ONLY (zero trust weight; the sha256 is the
#             integrity anchor, the rev the source pin). Aids bump review ("0.20.2 -> 0.21.0")
#             and CVE lookups. Parsers strip inline comments. Claimed by the maintainer at bump
#             time; #205 will have the producer verify it against the built exe's --version.
#
# Consumers fetch + verify via .github/actions/fetch-tools (release.yml, supply-chain.yml).
cargo-deny         EmbarkStudios/cargo-deny           bca0dde53651ee946720e4540b5ce2610bec8f06  windows-x86_64  b64f99a91a04a7ff8c04138c82666f8889cfece86400aee4caabff1ba26f8701  # v0.20.2
cargo-auditable    rust-secure-code/cargo-auditable   9dc5ff28ff204b73eae91bd96cde4413fdcb70e0  windows-x86_64  33f99f3712e20a5d0a83573e0af1b598a70f4d5b79988c23cc4bdb29f92ab403  # v0.7.5
cargo-audit        rustsec/rustsec                    281452c35cf0870969042374110f099a411bc185  windows-x86_64  5f9af76b996491b53d6d0437377bc7d4f61de7633e760933c47ad2e4da0d19eb  # v0.22.2 + tools/locks frozen resolution (5 advisories cleared)
cargo-cyclonedx    CycloneDX/cyclonedx-rust-cargo     e58bd5590212f82c5b7e16dd3e2e819b0dbea5b1  windows-x86_64  d8cd946487f881f6959d159445f6f0f5e2e4a072524ccfa6c79e4dd169745f5e  # v0.5.9 + tools/locks frozen resolution (4 advisories cleared)
cargo-vet          mozilla/cargo-vet                  28f617ea97392d527799649db588a6dbb695da8d  windows-x86_64  984ab50d368ad9ad793a4d11b767a3c692b2410b60c717cc99d01f8be403d25d  # v0.10.2 + tools/patches keystone (reqwest 0.12, indicatif 0.18; built from tools/locks frozen resolution)
cargo-acl          cackle-rs/cackle                   e7109a3174378976ea881f1883439ba82524f061  linux-x86_64    085684885c3283172eb07e7b3c6716246ac936db536596eb6eadab57d8c0f428  # v0.9.1
